<?xml version="1.0" encoding="UTF-8" standalone="yes" ?>
<CodeBlocks_project_file>
	<FileVersion major="1" minor="6" />
	<Project>
		<Option title="bottomless-block-barrage" />
		<Option makefile_is_custom="1" />
		<Option pch_mode="2" />
		<Option compiler="gcc" />
		<Option virtualFolders="source/;" />
		<Build>
			<Target title="release">
				<Option type="4" />
				<Option compiler="gcc" />
				<MakeCommands>
					<Build command="$make -f $makefile" />
					<CompileFile command="$make -f $makefile source/$file" />
					<Clean command="$make -f $makefile clean" />
					<DistClean command="$make -f $makefile distclean$target" />
					<AskRebuildNeeded command="$make -q -f $makefile $target" />
					<SilentBuild command="$make -f $makefile &gt; $(CMD_NULL)" />
				</MakeCommands>
			</Target>
			<Target title="citra">
				<Option type="4" />
				<Option compiler="gcc" />
				<MakeCommands>
					<Build command="$make -f $makefile $target" />
					<CompileFile command="$make -f $makefile source/$file" />
					<Clean command="$make -f $makefile clean" />
					<DistClean command="$make -f $makefile distclean$target" />
					<AskRebuildNeeded command="$make -q -f $makefile $target" />
					<SilentBuild command="$make -f $makefile $target &gt; $(CMD_NULL)" />
				</MakeCommands>
			</Target>
			<Target title="3dsx">
				<Option type="4" />
				<Option compiler="gcc" />
				<Compiler>
					<Add option="-O2" />
				</Compiler>
				<Linker>
					<Add option="-s" />
				</Linker>
				<MakeCommands>
					<Build command="$make -f $makefile $target" />
					<CompileFile command="$make -f $makefile source/$file" />
					<Clean command="$make -f $makefile clean" />
					<DistClean command="$make -f $makefile distclean$target" />
					<AskRebuildNeeded command="$make -q -f $makefile $target" />
					<SilentBuild command="$make -f $makefile $target &gt; $(CMD_NULL)" />
				</MakeCommands>
			</Target>
			<Target title="cia">
				<Option type="4" />
				<Option compiler="gcc" />
				<MakeCommands>
					<Build command="$make -f $makefile $target" />
					<CompileFile command="$make -f $makefile source/$file" />
					<Clean command="$make -f $makefile clean" />
					<DistClean command="$make -f $makefile distclean$target" />
					<AskRebuildNeeded command="$make -q -f $makefile $target" />
					<SilentBuild command="$make -f $makefile $target &gt; $(CMD_NULL)" />
				</MakeCommands>
			</Target>
			<Target title="3ds">
				<Option type="4" />
				<Option compiler="gcc" />
				<MakeCommands>
					<Build command="$make -f $makefile $target" />
					<CompileFile command="$make -f $makefile source/$file" />
					<Clean command="$make -f $makefile clean" />
					<DistClean command="$make -f $makefile distclean$target" />
					<AskRebuildNeeded command="$make -q -f $makefile $target" />
					<SilentBuild command="$make -f $makefile $target &gt; $(CMD_NULL)" />
				</MakeCommands>
			</Target>
			<Target title="elf">
				<Option type="4" />
				<Option compiler="gcc" />
				<MakeCommands>
					<Build command="$make -f $makefile $target" />
					<CompileFile command="$make -f $makefile source/$file" />
					<Clean command="$make -f $makefile clean" />
					<DistClean command="$make -f $makefile distclean$target" />
					<AskRebuildNeeded command="$make -q -f $makefile $target" />
					<SilentBuild command="$make -f $makefile $target &gt; $(CMD_NULL)" />
				</MakeCommands>
			</Target>
			<Target title="spunch">
				<Option type="4" />
				<Option compiler="gcc" />
				<MakeCommands>
					<Build command="$make -f $makefile $target" />
					<CompileFile command="$make -f $makefile source/$file" />
					<Clean command="$make -f $makefile clean" />
					<DistClean command="$make -f $makefile distclean$target" />
					<AskRebuildNeeded command="$make -q -f $makefile $target" />
					<SilentBuild command="$make -f $makefile $target &gt; $(CMD_NULL)" />
				</MakeCommands>
			</Target>
			<Target title="test">
				<Option output="panel_table_test" prefix_auto="1" extension_auto="1" />
				<Option object_output="/drive/projects/bottomless-block-barrage/.objs" />
				<Option type="1" />
				<Option compiler="gcc" />
				<MakeCommands>
					<Build command="$make -f Makefile.test" />
					<CompileFile command="$make -f Makefile.test $file" />
					<Clean command="$make -f Makefile.test clean" />
					<DistClean command="$make -f $makefile distclean$target" />
					<AskRebuildNeeded command="$make -q -f Makefile.test" />
					<SilentBuild command="$make -f Makefile.test &gt; $(CMD_NULL)" />
				</MakeCommands>
			</Target>
		</Build>
		<Compiler>
			<Add option="-Wall" />
		</Compiler>
		<Unit filename="CREDITS">
			<Option target="release" />
			<Option target="citra" />
			<Option target="3dsx" />
			<Option target="cia" />
			<Option target="3ds" />
			<Option target="elf" />
		</Unit>
		<Unit filename="LICENSE">
			<Option target="release" />
			<Option target="citra" />
			<Option target="3dsx" />
			<Option target="cia" />
			<Option target="3ds" />
			<Option target="elf" />
		</Unit>
		<Unit filename="Makefile" />
		<Unit filename="Makefile.test" />
		<Unit filename="README.md">
			<Option target="release" />
			<Option target="citra" />
			<Option target="3dsx" />
			<Option target="cia" />
			<Option target="3ds" />
			<Option target="elf" />
		</Unit>
		<Unit filename="graphics/border_gfx.png">
			<Option target="release" />
			<Option target="citra" />
			<Option target="3dsx" />
			<Option target="cia" />
			<Option target="3ds" />
			<Option target="elf" />
		</Unit>
		<Unit filename="graphics/debug_text.png">
			<Option target="release" />
			<Option target="citra" />
			<Option target="3dsx" />
			<Option target="cia" />
			<Option target="3ds" />
			<Option target="elf" />
		</Unit>
		<Unit filename="graphics/panels_gfx.png">
			<Option target="release" />
			<Option target="citra" />
			<Option target="3dsx" />
			<Option target="cia" />
			<Option target="3ds" />
			<Option target="elf" />
		</Unit>
		<Unit filename="graphics/selector_gfx.png">
			<Option target="release" />
			<Option target="citra" />
			<Option target="3dsx" />
			<Option target="cia" />
			<Option target="3ds" />
			<Option target="elf" />
		</Unit>
		<Unit filename="resources/AppInfo">
			<Option target="release" />
			<Option target="citra" />
			<Option target="3dsx" />
			<Option target="cia" />
			<Option target="3ds" />
			<Option target="elf" />
		</Unit>
		<Unit filename="resources/template.rsf" />
		<Unit filename="source/animation_params.cpp">
			<Option target="release" />
			<Option target="citra" />
			<Option target="3dsx" />
			<Option target="cia" />
			<Option target="3ds" />
			<Option target="elf" />
		</Unit>
		<Unit filename="source/animation_params.hpp">
			<Option target="release" />
			<Option target="citra" />
			<Option target="3dsx" />
			<Option target="cia" />
			<Option target="3ds" />
			<Option target="elf" />
		</Unit>
		<Unit filename="source/basic_puzzle.hpp">
			<Option target="release" />
			<Option target="citra" />
			<Option target="3dsx" />
			<Option target="cia" />
			<Option target="3ds" />
			<Option target="elf" />
		</Unit>
		<Unit filename="source/fonts.cpp" />
		<Unit filename="source/fonts.hpp" />
		<Unit filename="source/game_common.cpp" />
		<Unit filename="source/game_common.hpp" />
		<Unit filename="source/main.cpp">
			<Option target="release" />
			<Option target="citra" />
			<Option target="3dsx" />
			<Option target="cia" />
			<Option target="3ds" />
			<Option target="elf" />
		</Unit>
		<Unit filename="source/moves_recorder.cpp">
			<Option target="release" />
			<Option target="citra" />
			<Option target="3dsx" />
			<Option target="cia" />
			<Option target="3ds" />
			<Option target="elf" />
		</Unit>
		<Unit filename="source/moves_recorder.hpp">
			<Option target="release" />
			<Option target="citra" />
			<Option target="3dsx" />
			<Option target="cia" />
			<Option target="3ds" />
			<Option target="elf" />
		</Unit>
		<Unit filename="source/panel.cpp">
			<Option target="release" />
			<Option target="citra" />
			<Option target="3dsx" />
			<Option target="cia" />
			<Option target="3ds" />
			<Option target="elf" />
		</Unit>
		<Unit filename="source/panel.hpp">
			<Option target="release" />
			<Option target="citra" />
			<Option target="3dsx" />
			<Option target="cia" />
			<Option target="3ds" />
			<Option target="elf" />
		</Unit>
		<Unit filename="source/panel_table.cpp">
			<Option target="release" />
			<Option target="citra" />
			<Option target="3dsx" />
			<Option target="cia" />
			<Option target="3ds" />
			<Option target="elf" />
		</Unit>
		<Unit filename="source/panel_table.hpp">
			<Option target="release" />
			<Option target="citra" />
			<Option target="3dsx" />
			<Option target="cia" />
			<Option target="3ds" />
			<Option target="elf" />
		</Unit>
		<Unit filename="source/puzzles/tetris_attack.cpp">
			<Option target="release" />
			<Option target="citra" />
			<Option target="3dsx" />
			<Option target="cia" />
			<Option target="3ds" />
			<Option target="elf" />
		</Unit>
		<Unit filename="source/random.hpp">
			<Option target="release" />
			<Option target="citra" />
			<Option target="3dsx" />
			<Option target="cia" />
			<Option target="3ds" />
			<Option target="elf" />
		</Unit>
		<Unit filename="source/scenes/endless_config_scene.cpp">
			<Option target="release" />
			<Option target="citra" />
			<Option target="3dsx" />
			<Option target="cia" />
			<Option target="3ds" />
			<Option target="elf" />
		</Unit>
		<Unit filename="source/scenes/endless_config_scene.hpp">
			<Option target="release" />
			<Option target="citra" />
			<Option target="3dsx" />
			<Option target="cia" />
			<Option target="3ds" />
			<Option target="elf" />
		</Unit>
		<Unit filename="source/scenes/endless_scene.cpp">
			<Option target="release" />
			<Option target="citra" />
			<Option target="3dsx" />
			<Option target="cia" />
			<Option target="3ds" />
			<Option target="elf" />
		</Unit>
		<Unit filename="source/scenes/endless_scene.hpp">
			<Option target="release" />
			<Option target="citra" />
			<Option target="3dsx" />
			<Option target="cia" />
			<Option target="3ds" />
			<Option target="elf" />
		</Unit>
		<Unit filename="source/scenes/puzzle_select_scene.cpp">
			<Option target="release" />
			<Option target="citra" />
			<Option target="3dsx" />
			<Option target="cia" />
			<Option target="3ds" />
			<Option target="elf" />
		</Unit>
		<Unit filename="source/scenes/puzzle_select_scene.hpp">
			<Option target="release" />
			<Option target="citra" />
			<Option target="3dsx" />
			<Option target="cia" />
			<Option target="3ds" />
			<Option target="elf" />
		</Unit>
		<Unit filename="source/scenes/replay_scene.cpp" />
		<Unit filename="source/scenes/replay_scene.hpp" />
		<Unit filename="source/scenes/replay_select_scene.cpp" />
		<Unit filename="source/scenes/replay_select_scene.hpp" />
		<Unit filename="source/scenes/scene.cpp">
			<Option target="release" />
			<Option target="citra" />
			<Option target="3dsx" />
			<Option target="cia" />
			<Option target="3ds" />
			<Option target="elf" />
		</Unit>
		<Unit filename="source/scenes/scene.hpp">
			<Option target="release" />
			<Option target="citra" />
			<Option target="3dsx" />
			<Option target="cia" />
			<Option target="3ds" />
			<Option target="elf" />
		</Unit>
		<Unit filename="source/scenes/title_scene.cpp">
			<Option target="release" />
			<Option target="citra" />
			<Option target="3dsx" />
			<Option target="cia" />
			<Option target="3ds" />
			<Option target="elf" />
		</Unit>
		<Unit filename="source/scenes/title_scene.hpp">
			<Option target="release" />
			<Option target="citra" />
			<Option target="3dsx" />
			<Option target="cia" />
			<Option target="3ds" />
			<Option target="elf" />
		</Unit>
		<Unit filename="source/util/BmpFont.cpp" />
		<Unit filename="source/util/BmpFont.h" />
		<Unit filename="source/util/bar.cpp">
			<Option target="release" />
			<Option target="citra" />
			<Option target="3dsx" />
			<Option target="cia" />
			<Option target="3ds" />
			<Option target="elf" />
			<Option target="spunch" />
		</Unit>
		<Unit filename="source/util/bar.hpp">
			<Option target="release" />
			<Option target="citra" />
			<Option target="3dsx" />
			<Option target="cia" />
			<Option target="3ds" />
			<Option target="elf" />
			<Option target="spunch" />
		</Unit>
		<Unit filename="source/util/color_modulation.cpp">
			<Option target="release" />
			<Option target="citra" />
			<Option target="3dsx" />
			<Option target="cia" />
			<Option target="3ds" />
			<Option target="elf" />
		</Unit>
		<Unit filename="source/util/color_modulation.hpp">
			<Option target="release" />
			<Option target="citra" />
			<Option target="3dsx" />
			<Option target="cia" />
			<Option target="3ds" />
			<Option target="elf" />
		</Unit>
		<Unit filename="source/util/command_window.cpp">
			<Option target="release" />
			<Option target="citra" />
			<Option target="3dsx" />
			<Option target="cia" />
			<Option target="3ds" />
			<Option target="elf" />
		</Unit>
		<Unit filename="source/util/command_window.hpp">
			<Option target="release" />
			<Option target="citra" />
			<Option target="3dsx" />
			<Option target="cia" />
			<Option target="3ds" />
			<Option target="elf" />
		</Unit>
		<Unit filename="source/util/font.cpp">
			<Option target="release" />
			<Option target="citra" />
			<Option target="3dsx" />
			<Option target="cia" />
			<Option target="3ds" />
			<Option target="elf" />
		</Unit>
		<Unit filename="source/util/font.hpp">
			<Option target="release" />
			<Option target="citra" />
			<Option target="3dsx" />
			<Option target="cia" />
			<Option target="3ds" />
			<Option target="elf" />
		</Unit>
		<Unit filename="source/util/hid_helper.cpp" />
		<Unit filename="source/util/hid_helper.hpp" />
		<Unit filename="source/util/resource_manager.cpp">
			<Option target="release" />
			<Option target="citra" />
			<Option target="3dsx" />
			<Option target="cia" />
			<Option target="3ds" />
			<Option target="elf" />
		</Unit>
		<Unit filename="source/util/resource_manager.hpp">
			<Option target="release" />
			<Option target="citra" />
			<Option target="3dsx" />
			<Option target="cia" />
			<Option target="3ds" />
			<Option target="elf" />
		</Unit>
		<Unit filename="source/util/slider.cpp">
			<Option target="release" />
			<Option target="citra" />
			<Option target="3dsx" />
			<Option target="cia" />
			<Option target="3ds" />
			<Option target="elf" />
		</Unit>
		<Unit filename="source/util/slider.hpp">
			<Option target="release" />
			<Option target="citra" />
			<Option target="3dsx" />
			<Option target="cia" />
			<Option target="3ds" />
			<Option target="elf" />
		</Unit>
		<Unit filename="source/util/text.cpp" />
		<Unit filename="source/util/text.hpp" />
		<Unit filename="source/util/texture.cpp">
			<Option target="release" />
			<Option target="citra" />
			<Option target="3dsx" />
			<Option target="cia" />
			<Option target="3ds" />
			<Option target="elf" />
		</Unit>
		<Unit filename="source/util/texture.hpp">
			<Option target="release" />
			<Option target="citra" />
			<Option target="3dsx" />
			<Option target="cia" />
			<Option target="3ds" />
			<Option target="elf" />
		</Unit>
		<Unit filename="source/util/widget.cpp">
			<Option target="release" />
			<Option target="citra" />
			<Option target="3dsx" />
			<Option target="cia" />
			<Option target="3ds" />
			<Option target="elf" />
			<Option target="spunch" />
		</Unit>
		<Unit filename="source/util/widget.hpp">
			<Option target="release" />
			<Option target="citra" />
			<Option target="3dsx" />
			<Option target="cia" />
			<Option target="3ds" />
			<Option target="elf" />
			<Option target="spunch" />
		</Unit>
		<Unit filename="source/util/window.cpp">
			<Option target="release" />
			<Option target="citra" />
			<Option target="3dsx" />
			<Option target="cia" />
			<Option target="3ds" />
			<Option target="elf" />
		</Unit>
		<Unit filename="source/util/window.hpp">
			<Option target="release" />
			<Option target="citra" />
			<Option target="3dsx" />
			<Option target="cia" />
			<Option target="3ds" />
			<Option target="elf" />
		</Unit>
		<Unit filename="source/windows/ccc_window.cpp">
			<Option target="release" />
			<Option target="citra" />
			<Option target="3dsx" />
			<Option target="cia" />
			<Option target="3ds" />
			<Option target="elf" />
			<Option target="spunch" />
		</Unit>
		<Unit filename="source/windows/ccc_window.hpp">
			<Option target="release" />
			<Option target="citra" />
			<Option target="3dsx" />
			<Option target="cia" />
			<Option target="3ds" />
			<Option target="elf" />
			<Option target="spunch" />
		</Unit>
		<Unit filename="source/windows/info_window.cpp">
			<Option target="release" />
			<Option target="citra" />
			<Option target="3dsx" />
			<Option target="cia" />
			<Option target="3ds" />
			<Option target="elf" />
			<Option target="spunch" />
		</Unit>
		<Unit filename="source/windows/info_window.hpp">
			<Option target="release" />
			<Option target="citra" />
			<Option target="3dsx" />
			<Option target="cia" />
			<Option target="3ds" />
			<Option target="elf" />
			<Option target="spunch" />
		</Unit>
		<Unit filename="testing/panel_table_test.cpp" />
		<Extensions>
			<code_completion />
			<envvars />
			<lib_finder disable_auto="1" />
			<debugger />
		</Extensions>
	</Project>
</CodeBlocks_project_file>
