<?xml version="1.0" encoding="UTF-8" standalone="yes" ?>
<CodeBlocks_project_file>
	<FileVersion major="1" minor="6" />
	<Project>
		<Option title="bottomless-block-barrage" />
		<Option makefile_is_custom="1" />
		<Option pch_mode="2" />
		<Option compiler="gcc" />
		<Option virtualFolders="source/;" />
		<Build>
			<Target title="release">
				<Option type="4" />
				<Option compiler="gcc" />
				<MakeCommands>
					<Build command="$make -f $makefile" />
					<CompileFile command="$make -f $makefile source/$file" />
					<Clean command="$make -f $makefile clean" />
					<DistClean command="$make -f $makefile distclean$target" />
					<AskRebuildNeeded command="$make -q -f $makefile $target" />
					<SilentBuild command="$make -f $makefile &gt; $(CMD_NULL)" />
				</MakeCommands>
			</Target>
			<Target title="citra">
				<Option type="4" />
				<Option compiler="gcc" />
				<MakeCommands>
					<Build command="$make -f $makefile $target" />
					<CompileFile command="$make -f $makefile source/$file" />
					<Clean command="$make -f $makefile clean" />
					<DistClean command="$make -f $makefile distclean$target" />
					<AskRebuildNeeded command="$make -q -f $makefile $target" />
					<SilentBuild command="$make -f $makefile $target &gt; $(CMD_NULL)" />
				</MakeCommands>
			</Target>
			<Target title="3dsx">
				<Option type="4" />
				<Option compiler="gcc" />
				<Compiler>
					<Add option="-O2" />
				</Compiler>
				<Linker>
					<Add option="-s" />
				</Linker>
				<MakeCommands>
					<Build command="$make -f $makefile $target" />
					<CompileFile command="$make -f $makefile source/$file" />
					<Clean command="$make -f $makefile clean" />
					<DistClean command="$make -f $makefile distclean$target" />
					<AskRebuildNeeded command="$make -q -f $makefile $target" />
					<SilentBuild command="$make -f $makefile $target &gt; $(CMD_NULL)" />
				</MakeCommands>
			</Target>
			<Target title="cia">
				<Option type="4" />
				<Option compiler="gcc" />
				<MakeCommands>
					<Build command="$make -f $makefile $target" />
					<CompileFile command="$make -f $makefile source/$file" />
					<Clean command="$make -f $makefile clean" />
					<DistClean command="$make -f $makefile distclean$target" />
					<AskRebuildNeeded command="$make -q -f $makefile $target" />
					<SilentBuild command="$make -f $makefile $target &gt; $(CMD_NULL)" />
				</MakeCommands>
			</Target>
			<Target title="3ds">
				<Option type="4" />
				<Option compiler="gcc" />
				<MakeCommands>
					<Build command="$make -f $makefile $target" />
					<CompileFile command="$make -f $makefile source/$file" />
					<Clean command="$make -f $makefile clean" />
					<DistClean command="$make -f $makefile distclean$target" />
					<AskRebuildNeeded command="$make -q -f $makefile $target" />
					<SilentBuild command="$make -f $makefile $target &gt; $(CMD_NULL)" />
				</MakeCommands>
			</Target>
			<Target title="elf">
				<Option type="4" />
				<Option compiler="gcc" />
				<MakeCommands>
					<Build command="$make -f $makefile $target" />
					<CompileFile command="$make -f $makefile source/$file" />
					<Clean command="$make -f $makefile clean" />
					<DistClean command="$make -f $makefile distclean$target" />
					<AskRebuildNeeded command="$make -q -f $makefile $target" />
					<SilentBuild command="$make -f $makefile $target &gt; $(CMD_NULL)" />
				</MakeCommands>
			</Target>
		</Build>
		<Compiler>
			<Add option="-Wall" />
		</Compiler>
		<Unit filename="CREDITS" />
		<Unit filename="LICENSE" />
		<Unit filename="Makefile">
			<Option target="3dsx" />
			<Option target="citra" />
		</Unit>
		<Unit filename="README.md" />
		<Unit filename="game_save.hpp" />
		<Unit filename="graphics/border_gfx.png" />
		<Unit filename="graphics/debug_text.png" />
		<Unit filename="graphics/panels_gfx.png" />
		<Unit filename="graphics/selector_gfx.png" />
		<Unit filename="icon.png" />
		<Unit filename="resources/AppInfo" />
		<Unit filename="source/basic_puzzle.hpp" />
		<Unit filename="source/game_state.cpp" />
		<Unit filename="source/game_state.hpp" />
		<Unit filename="source/main.cpp" />
		<Unit filename="source/moves_recorder.cpp" />
		<Unit filename="source/moves_recorder.hpp" />
		<Unit filename="source/panel.cpp" />
		<Unit filename="source/panel.hpp" />
		<Unit filename="source/panel_table.cpp" />
		<Unit filename="source/panel_table.hpp" />
		<Unit filename="source/puzzles/tetris_attack.cpp" />
		<Unit filename="source/random.hpp" />
		<Unit filename="source/scenes/EndlessConfigScene.cpp" />
		<Unit filename="source/scenes/EndlessConfigScene.hpp" />
		<Unit filename="source/scenes/puzzle_select_scene.cpp" />
		<Unit filename="source/scenes/puzzle_select_scene.hpp" />
		<Unit filename="source/scenes/scene.cpp" />
		<Unit filename="source/scenes/scene.hpp" />
		<Unit filename="source/scenes/title_scene.cpp" />
		<Unit filename="source/scenes/title_scene.hpp" />
		<Unit filename="source/util/command_window.cpp" />
		<Unit filename="source/util/command_window.hpp" />
		<Unit filename="source/util/cursor.cpp" />
		<Unit filename="source/util/cursor.hpp" />
		<Unit filename="source/util/font.cpp" />
		<Unit filename="source/util/font.hpp" />
		<Unit filename="source/util/slider.cpp" />
		<Unit filename="source/util/slider.hpp" />
		<Unit filename="source/util/texture.cpp" />
		<Unit filename="source/util/texture.hpp" />
		<Unit filename="source/util/window.cpp" />
		<Unit filename="source/util/window.hpp" />
		<Extensions>
			<code_completion />
			<envvars />
			<lib_finder disable_auto="1" />
			<debugger />
		</Extensions>
	</Project>
</CodeBlocks_project_file>
